
Microsoft Visual Studio Solution File, Format Version 12.00
# Visual Studio Version 17
VisualStudioVersion = 17.3.32922.545
MinimumVisualStudioVersion = 10.0.40219.1
Project("{FAE04EC0-301F-11D3-BF4B-00C04F79EFBC}") = "Delegate", "Delegate\Delegate.csproj", "{FFAF8C3E-E870-49C7-9D9A-9CAD8FB5568F}"
EndProject
Global
	GlobalSection(SolutionConfigurationPlatforms) = preSolution
		Debug|Any CPU = Debug|Any CPU
		Release|Any CPU = Release|Any CPU
	EndGlobalSection
	GlobalSection(ProjectConfigurationPlatforms) = postSolution
		{FFAF8C3E-E870-49C7-9D9A-9CAD8FB5568F}.Debug|Any CPU.ActiveCfg = Debug|Any CPU
		{FFAF8C3E-E870-49C7-9D9A-9CAD8FB5568F}.Debug|Any CPU.Build.0 = Debug|Any CPU
		{FFAF8C3E-E870-49C7-9D9A-9CAD8FB5568F}.Release|Any CPU.ActiveCfg = Release|Any CPU
		{FFAF8C3E-E870-49C7-9D9A-9CAD8FB5568F}.Release|Any CPU.Build.0 = Release|Any CPU
	EndGlobalSection
	GlobalSection(SolutionProperties) = preSolution
		HideSolutionNode = FALSE
	EndGlobalSection
	GlobalSection(ExtensibilityGlobals) = postSolution
		SolutionGuid = {DBC2EA6F-B6E1-422B-9097-CF910B5602A3}
	EndGlobalSection
EndGlobal
